
Microsoft Visual Studio Solution File, Format Version 12.00
# Visual Studio Version 17
VisualStudioVersion = 17.1.32328.378
MinimumVisualStudioVersion = 10.0.40219.1
Project("{FAE04EC0-301F-11D3-BF4B-00C04F79EFBC}") = "[미니 프로젝트 Ver 3]스마트팩토리_전용_설비_관리SW", "[미니 프로젝트 Ver 3]스마트팩토리_전용_설비_관리SW.csproj", "{98729C71-D5EF-4567-8FC5-8541DBF17291}"
EndProject
Global
	GlobalSection(SolutionConfigurationPlatforms) = preSolution
		Debug|Any CPU = Debug|Any CPU
		Release|Any CPU = Release|Any CPU
	EndGlobalSection
	GlobalSection(ProjectConfigurationPlatforms) = postSolution
		{98729C71-D5EF-4567-8FC5-8541DBF17291}.Debug|Any CPU.ActiveCfg = Debug|Any CPU
		{98729C71-D5EF-4567-8FC5-8541DBF17291}.Debug|Any CPU.Build.0 = Debug|Any CPU
		{98729C71-D5EF-4567-8FC5-8541DBF17291}.Release|Any CPU.ActiveCfg = Release|Any CPU
		{98729C71-D5EF-4567-8FC5-8541DBF17291}.Release|Any CPU.Build.0 = Release|Any CPU
	EndGlobalSection
	GlobalSection(SolutionProperties) = preSolution
		HideSolutionNode = FALSE
	EndGlobalSection
	GlobalSection(ExtensibilityGlobals) = postSolution
		SolutionGuid = {D4AA1628-D70D-4563-B249-79C38673EED1}
	EndGlobalSection
EndGlobal
